
Microsoft Visual Studio Solution File, Format Version 12.00
# Visual Studio Version 16
VisualStudioVersion = 16.0.32002.261
MinimumVisualStudioVersion = 10.0.40219.1
Project("{9A19103F-16F7-4668-BE54-9A1E7A4F7556}") = "01_Odevler", "01_Odevler\01_Odevler.csproj", "{BC15FA14-9171-4CC9-A912-259779D9BD8E}"
EndProject
Project("{9A19103F-16F7-4668-BE54-9A1E7A4F7556}") = "02_GenericListClass", "02_GenericListClass\02_GenericListClass.csproj", "{1633395F-0862-4514-9EE4-3248B6CB819A}"
EndProject
Project("{9A19103F-16F7-4668-BE54-9A1E7A4F7556}") = "03_refValueTypes", "03_refValueTypes\03_refValueTypes.csproj", "{3B27090E-70FA-4848-A201-ADC7135096BA}"
EndProject
Project("{9A19103F-16F7-4668-BE54-9A1E7A4F7556}") = "04_KisiTakip", "04_KisiTakip\04_KisiTakip.csproj", "{61F3736A-487F-45F1-8721-999970AB1A61}"
EndProject
Project("{9A19103F-16F7-4668-BE54-9A1E7A4F7556}") = "05_Tipler", "05_Tipler\05_Tipler.csproj", "{78F8F489-39A7-4956-81BB-38EF440C35CA}"
EndProject
Project("{9A19103F-16F7-4668-BE54-9A1E7A4F7556}") = "06_Exception", "06_Exception\06_Exception.csproj", "{9B145EF9-F7C7-4BE5-839B-79AF2256E731}"
EndProject
Project("{9A19103F-16F7-4668-BE54-9A1E7A4F7556}") = "07_CommonOps", "07_CommonOps\07_CommonOps.csproj", "{6CC3D93B-34A6-4E1D-AB45-5A38E35BF4CA}"
EndProject
Project("{9A19103F-16F7-4668-BE54-9A1E7A4F7556}") = "08_DosyaRepository", "08_DosyaRepository\08_DosyaRepository.csproj", "{937C9027-DDBD-40AD-8D47-363E9708960B}"
EndProject
Project("{FAE04EC0-301F-11D3-BF4B-00C04F79EFBC}") = "09_KisiTakipWinform", "09_KisiTakipWinform\09_KisiTakipWinform.csproj", "{FE37C213-4D5A-4186-9374-C045316B1A60}"
EndProject
Global
	GlobalSection(SolutionConfigurationPlatforms) = preSolution
		Debug|Any CPU = Debug|Any CPU
		Release|Any CPU = Release|Any CPU
	EndGlobalSection
	GlobalSection(ProjectConfigurationPlatforms) = postSolution
		{BC15FA14-9171-4CC9-A912-259779D9BD8E}.Debug|Any CPU.ActiveCfg = Debug|Any CPU
		{BC15FA14-9171-4CC9-A912-259779D9BD8E}.Debug|Any CPU.Build.0 = Debug|Any CPU
		{BC15FA14-9171-4CC9-A912-259779D9BD8E}.Release|Any CPU.ActiveCfg = Release|Any CPU
		{BC15FA14-9171-4CC9-A912-259779D9BD8E}.Release|Any CPU.Build.0 = Release|Any CPU
		{1633395F-0862-4514-9EE4-3248B6CB819A}.Debug|Any CPU.ActiveCfg = Debug|Any CPU
		{1633395F-0862-4514-9EE4-3248B6CB819A}.Debug|Any CPU.Build.0 = Debug|Any CPU
		{1633395F-0862-4514-9EE4-3248B6CB819A}.Release|Any CPU.ActiveCfg = Release|Any CPU
		{1633395F-0862-4514-9EE4-3248B6CB819A}.Release|Any CPU.Build.0 = Release|Any CPU
		{3B27090E-70FA-4848-A201-ADC7135096BA}.Debug|Any CPU.ActiveCfg = Debug|Any CPU
		{3B27090E-70FA-4848-A201-ADC7135096BA}.Debug|Any CPU.Build.0 = Debug|Any CPU
		{3B27090E-70FA-4848-A201-ADC7135096BA}.Release|Any CPU.ActiveCfg = Release|Any CPU
		{3B27090E-70FA-4848-A201-ADC7135096BA}.Release|Any CPU.Build.0 = Release|Any CPU
		{61F3736A-487F-45F1-8721-999970AB1A61}.Debug|Any CPU.ActiveCfg = Debug|Any CPU
		{61F3736A-487F-45F1-8721-999970AB1A61}.Debug|Any CPU.Build.0 = Debug|Any CPU
		{61F3736A-487F-45F1-8721-999970AB1A61}.Release|Any CPU.ActiveCfg = Release|Any CPU
		{61F3736A-487F-45F1-8721-999970AB1A61}.Release|Any CPU.Build.0 = Release|Any CPU
		{78F8F489-39A7-4956-81BB-38EF440C35CA}.Debug|Any CPU.ActiveCfg = Debug|Any CPU
		{78F8F489-39A7-4956-81BB-38EF440C35CA}.Debug|Any CPU.Build.0 = Debug|Any CPU
		{78F8F489-39A7-4956-81BB-38EF440C35CA}.Release|Any CPU.ActiveCfg = Release|Any CPU
		{78F8F489-39A7-4956-81BB-38EF440C35CA}.Release|Any CPU.Build.0 = Release|Any CPU
		{9B145EF9-F7C7-4BE5-839B-79AF2256E731}.Debug|Any CPU.ActiveCfg = Debug|Any CPU
		{9B145EF9-F7C7-4BE5-839B-79AF2256E731}.Debug|Any CPU.Build.0 = Debug|Any CPU
		{9B145EF9-F7C7-4BE5-839B-79AF2256E731}.Release|Any CPU.ActiveCfg = Release|Any CPU
		{9B145EF9-F7C7-4BE5-839B-79AF2256E731}.Release|Any CPU.Build.0 = Release|Any CPU
		{6CC3D93B-34A6-4E1D-AB45-5A38E35BF4CA}.Debug|Any CPU.ActiveCfg = Debug|Any CPU
		{6CC3D93B-34A6-4E1D-AB45-5A38E35BF4CA}.Debug|Any CPU.Build.0 = Debug|Any CPU
		{6CC3D93B-34A6-4E1D-AB45-5A38E35BF4CA}.Release|Any CPU.ActiveCfg = Release|Any CPU
		{6CC3D93B-34A6-4E1D-AB45-5A38E35BF4CA}.Release|Any CPU.Build.0 = Release|Any CPU
		{937C9027-DDBD-40AD-8D47-363E9708960B}.Debug|Any CPU.ActiveCfg = Debug|Any CPU
		{937C9027-DDBD-40AD-8D47-363E9708960B}.Debug|Any CPU.Build.0 = Debug|Any CPU
		{937C9027-DDBD-40AD-8D47-363E9708960B}.Release|Any CPU.ActiveCfg = Release|Any CPU
		{937C9027-DDBD-40AD-8D47-363E9708960B}.Release|Any CPU.Build.0 = Release|Any CPU
		{FE37C213-4D5A-4186-9374-C045316B1A60}.Debug|Any CPU.ActiveCfg = Debug|Any CPU
		{FE37C213-4D5A-4186-9374-C045316B1A60}.Debug|Any CPU.Build.0 = Debug|Any CPU
		{FE37C213-4D5A-4186-9374-C045316B1A60}.Release|Any CPU.ActiveCfg = Release|Any CPU
		{FE37C213-4D5A-4186-9374-C045316B1A60}.Release|Any CPU.Build.0 = Release|Any CPU
	EndGlobalSection
	GlobalSection(SolutionProperties) = preSolution
		HideSolutionNode = FALSE
	EndGlobalSection
	GlobalSection(ExtensibilityGlobals) = postSolution
		SolutionGuid = {8BAC9DE0-C1F9-4991-931F-BB3240E107EA}
	EndGlobalSection
EndGlobal
